// !$*UTF8*$!
{
	archiveVersion = 1;
	classes = {
	};
	objectVersion = 56;
	objects = {

/* Begin PBXBuildFile section */
		0A1BEC712AC06D4600914FD5 /* AlertError+UIViewControllerExtensions.swift in Sources */ = {isa = PBXBuildFile; fileRef = 0A1BEC702AC06D4600914FD5 /* AlertError+UIViewControllerExtensions.swift */; };
		0A1BEC742AC1D9FE00914FD5 /* FFNewsPageTableViewCell.swift in Sources */ = {isa = PBXBuildFile; fileRef = 0A1BEC732AC1D9FE00914FD5 /* FFNewsPageTableViewCell.swift */; };
		0A22BB2B2AC30558004FD282 /* FFNewsTableViewDataSource.swift in Sources */ = {isa = PBXBuildFile; fileRef = 0A22BB2A2AC30558004FD282 /* FFNewsTableViewDataSource.swift */; };
		0A2347AE2AEFEF21002C161C /* FFExercisesViewModel.swift in Sources */ = {isa = PBXBuildFile; fileRef = 0A2347AD2AEFEF21002C161C /* FFExercisesViewModel.swift */; };
		0A2347B52AF10BA8002C161C /* FFExercisesCollectionViewCell.swift in Sources */ = {isa = PBXBuildFile; fileRef = 0A2347B42AF10BA8002C161C /* FFExercisesCollectionViewCell.swift */; };
		0A2347B72AF11046002C161C /* FFExercisesMuscleGroupViewController.swift in Sources */ = {isa = PBXBuildFile; fileRef = 0A2347B62AF11046002C161C /* FFExercisesMuscleGroupViewController.swift */; };
		0A2347BA2AF24B3E002C161C /* FFExercisesMuscleTableViewCell.swift in Sources */ = {isa = PBXBuildFile; fileRef = 0A2347B92AF24B3E002C161C /* FFExercisesMuscleTableViewCell.swift */; };
		0A2347BC2AF24D1A002C161C /* FFExerciseDescriptionViewController.swift in Sources */ = {isa = PBXBuildFile; fileRef = 0A2347BB2AF24D1A002C161C /* FFExerciseDescriptionViewController.swift */; };
		0A2347D12AF39C31002C161C /* FFExerciseMuscleGroupViewModel.swift in Sources */ = {isa = PBXBuildFile; fileRef = 0A2347D02AF39C31002C161C /* FFExerciseMuscleGroupViewModel.swift */; };
		0A2347D32AF39C3E002C161C /* FFExerciseDescriptionViewModel.swift in Sources */ = {isa = PBXBuildFile; fileRef = 0A2347D22AF39C3E002C161C /* FFExerciseDescriptionViewModel.swift */; };
		0A2347D92AF91091002C161C /* FFGetPlanExerciseRequest.swift in Sources */ = {isa = PBXBuildFile; fileRef = 0A2347D82AF91091002C161C /* FFGetPlanExerciseRequest.swift */; };
		0A2347DB2AF92058002C161C /* FFPlansWorkoutModel.swift in Sources */ = {isa = PBXBuildFile; fileRef = 0A2347DA2AF92058002C161C /* FFPlansWorkoutModel.swift */; };
		0A2347DD2AF9211A002C161C /* FFPlansCustomPlanModel.swift in Sources */ = {isa = PBXBuildFile; fileRef = 0A2347DC2AF9211A002C161C /* FFPlansCustomPlanModel.swift */; };
		0A2347DF2AF92ACF002C161C /* TestModelWorkout.swift in Sources */ = {isa = PBXBuildFile; fileRef = 0A2347DE2AF92ACF002C161C /* TestModelWorkout.swift */; };
		0A2347E22AF9B2C1002C161C /* Kingfisher in Frameworks */ = {isa = PBXBuildFile; productRef = 0A2347E12AF9B2C1002C161C /* Kingfisher */; };
		0A2347E52AF9BC96002C161C /* FFGetExercisesDataBase.swift in Sources */ = {isa = PBXBuildFile; fileRef = 0A2347E42AF9BC96002C161C /* FFGetExercisesDataBase.swift */; };
		0A2347E72AF9CCCB002C161C /* FFExerciseModel.swift in Sources */ = {isa = PBXBuildFile; fileRef = 0A2347E62AF9CCCB002C161C /* FFExerciseModel.swift */; };
		0A3FC2E22ADEBF4100E35739 /* FFImageDetailsViewController.swift in Sources */ = {isa = PBXBuildFile; fileRef = 0A3FC2E12ADEBF4100E35739 /* FFImageDetailsViewController.swift */; };
		0A3FC2E42ADF0B8A00E35739 /* FFImageDetailsViewModel.swift in Sources */ = {isa = PBXBuildFile; fileRef = 0A3FC2E32ADF0B8A00E35739 /* FFImageDetailsViewModel.swift */; };
		0A4494C02AB821FD0082C909 /* AppDelegate.swift in Sources */ = {isa = PBXBuildFile; fileRef = 0A4494BF2AB821FD0082C909 /* AppDelegate.swift */; };
		0A4494C22AB821FD0082C909 /* SceneDelegate.swift in Sources */ = {isa = PBXBuildFile; fileRef = 0A4494C12AB821FD0082C909 /* SceneDelegate.swift */; };
		0A4494C42AB821FD0082C909 /* FFNewsPageViewController.swift in Sources */ = {isa = PBXBuildFile; fileRef = 0A4494C32AB821FD0082C909 /* FFNewsPageViewController.swift */; };
		0A4494C92AB822000082C909 /* Assets.xcassets in Resources */ = {isa = PBXBuildFile; fileRef = 0A4494C82AB822000082C909 /* Assets.xcassets */; };
		0A4494CC2AB822000082C909 /* LaunchScreen.storyboard in Resources */ = {isa = PBXBuildFile; fileRef = 0A4494CA2AB822000082C909 /* LaunchScreen.storyboard */; };
		0A4494D52AB82AB70082C909 /* SnapKit in Frameworks */ = {isa = PBXBuildFile; productRef = 0A4494D42AB82AB70082C909 /* SnapKit */; };
		0A4494D82AB82B330082C909 /* Alamofire in Frameworks */ = {isa = PBXBuildFile; productRef = 0A4494D72AB82B330082C909 /* Alamofire */; };
		0A4494DB2AB82ED80082C909 /* Realm in Frameworks */ = {isa = PBXBuildFile; productRef = 0A4494DA2AB82ED80082C909 /* Realm */; };
		0A4494DD2AB82ED80082C909 /* RealmSwift in Frameworks */ = {isa = PBXBuildFile; productRef = 0A4494DC2AB82ED80082C909 /* RealmSwift */; };
		0A4494FF2AB99FA40082C909 /* FFNewsPageViewModel.swift in Sources */ = {isa = PBXBuildFile; fileRef = 0A4494FE2AB99FA40082C909 /* FFNewsPageViewModel.swift */; };
		0A4495102ABA031B0082C909 /* SetupProtocol.swift in Sources */ = {isa = PBXBuildFile; fileRef = 0A44950F2ABA031B0082C909 /* SetupProtocol.swift */; };
		0A4495162ABA67CE0082C909 /* FFTabBarController.swift in Sources */ = {isa = PBXBuildFile; fileRef = 0A4495152ABA67CE0082C909 /* FFTabBarController.swift */; };
		0A4495192ABA72A90082C909 /* Resources+Enums.swift in Sources */ = {isa = PBXBuildFile; fileRef = 0A4495182ABA72A90082C909 /* Resources+Enums.swift */; };
		0A4495292ABA79700082C909 /* FFExercisesViewController.swift in Sources */ = {isa = PBXBuildFile; fileRef = 0A4495282ABA79700082C909 /* FFExercisesViewController.swift */; };
		0A44952B2ABA79B20082C909 /* FFHealthViewController.swift in Sources */ = {isa = PBXBuildFile; fileRef = 0A44952A2ABA79B20082C909 /* FFHealthViewController.swift */; };
		0A44952D2ABA79FB0082C909 /* FFTRainingPlanViewController.swift in Sources */ = {isa = PBXBuildFile; fileRef = 0A44952C2ABA79FB0082C909 /* FFTRainingPlanViewController.swift */; };
		0A44952F2ABA7A340082C909 /* FFProfileViewController.swift in Sources */ = {isa = PBXBuildFile; fileRef = 0A44952E2ABA7A340082C909 /* FFProfileViewController.swift */; };
		0A4495312ABA863D0082C909 /* FFNavigationController.swift in Sources */ = {isa = PBXBuildFile; fileRef = 0A4495302ABA863D0082C909 /* FFNavigationController.swift */; };
		0A4495332ABA8D9E0082C909 /* UIViewController+extension.swift in Sources */ = {isa = PBXBuildFile; fileRef = 0A4495322ABA8D9E0082C909 /* UIViewController+extension.swift */; };
		0A4495362ABC3F950082C909 /* FFGetNewsRequest.swift in Sources */ = {isa = PBXBuildFile; fileRef = 0A4495352ABC3F950082C909 /* FFGetNewsRequest.swift */; };
		0A4495392ABC43B70082C909 /* FFNewsModel.swift in Sources */ = {isa = PBXBuildFile; fileRef = 0A4495382ABC43B70082C909 /* FFNewsModel.swift */; };
		0A6D9C512AE99AAA002CAD2C /* FFNewsSetupRequestTableViewCell.swift in Sources */ = {isa = PBXBuildFile; fileRef = 0A6D9C502AE99AAA002CAD2C /* FFNewsSetupRequestTableViewCell.swift */; };
		0A6D9C532AEA5228002CAD2C /* ViewAlert+UIViewController.swift in Sources */ = {isa = PBXBuildFile; fileRef = 0A6D9C522AEA5228002CAD2C /* ViewAlert+UIViewController.swift */; };
		0A6D9C552AEA5D1A002CAD2C /* UIFont+Extensions.swift in Sources */ = {isa = PBXBuildFile; fileRef = 0A6D9C542AEA5D1A002CAD2C /* UIFont+Extensions.swift */; };
		0ACEA9D82ACD341D00899CF6 /* Array+Extensions.swift in Sources */ = {isa = PBXBuildFile; fileRef = 0ACEA9D72ACD341D00899CF6 /* Array+Extensions.swift */; };
		0ACEA9DA2ACD3A6900899CF6 /* FFNewsFavouriteViewController.swift in Sources */ = {isa = PBXBuildFile; fileRef = 0ACEA9D92ACD3A6900899CF6 /* FFNewsFavouriteViewController.swift */; };
		0ACEA9DD2ACF1B9800899CF6 /* FFNewsStoreManager.swift in Sources */ = {isa = PBXBuildFile; fileRef = 0ACEA9DC2ACF1B9800899CF6 /* FFNewsStoreManager.swift */; };
		0ACEA9DF2ACF1C9B00899CF6 /* FFNewsModelRealm.swift in Sources */ = {isa = PBXBuildFile; fileRef = 0ACEA9DE2ACF1C9B00899CF6 /* FFNewsModelRealm.swift */; };
		0ACEA9E22ACF77C400899CF6 /* FFNewsImageView.swift in Sources */ = {isa = PBXBuildFile; fileRef = 0ACEA9E12ACF77C400899CF6 /* FFNewsImageView.swift */; };
		0ACEA9E42ACF7E3100899CF6 /* FFNewsPageDetailViewController.swift in Sources */ = {isa = PBXBuildFile; fileRef = 0ACEA9E32ACF7E3100899CF6 /* FFNewsPageDetailViewController.swift */; };
		0ACEA9E62AD5CC6E00899CF6 /* FFNewsSetupRequestViewController.swift in Sources */ = {isa = PBXBuildFile; fileRef = 0ACEA9E52AD5CC6E00899CF6 /* FFNewsSetupRequestViewController.swift */; };
		0ACEA9E92AD7EDBF00899CF6 /* Coordinator.swift in Sources */ = {isa = PBXBuildFile; fileRef = 0ACEA9E82AD7EDBF00899CF6 /* Coordinator.swift */; };
		0ACEA9F12AD9734D00899CF6 /* AppCoordinator.swift in Sources */ = {isa = PBXBuildFile; fileRef = 0ACEA9F02AD9734D00899CF6 /* AppCoordinator.swift */; };
		0ACEAA532ADD74EB00899CF6 /* FFNewsFavouriteViewModel.swift in Sources */ = {isa = PBXBuildFile; fileRef = 0ACEAA522ADD74EB00899CF6 /* FFNewsFavouriteViewModel.swift */; };
		0ACEAA552ADD754C00899CF6 /* FFNewsSettingViewModel.swift in Sources */ = {isa = PBXBuildFile; fileRef = 0ACEAA542ADD754C00899CF6 /* FFNewsSettingViewModel.swift */; };
		0ACEAA572ADD757900899CF6 /* FFNewsDetailViewModel.swift in Sources */ = {isa = PBXBuildFile; fileRef = 0ACEAA562ADD757900899CF6 /* FFNewsDetailViewModel.swift */; };
		0ADFDE982AC7E31300CF254C /* Date+Extensions.swift in Sources */ = {isa = PBXBuildFile; fileRef = 0ADFDE972AC7E31300CF254C /* Date+Extensions.swift */; };
		0ADFDE9A2AC7E8D800CF254C /* String+Extensions.swift in Sources */ = {isa = PBXBuildFile; fileRef = 0ADFDE992AC7E8D800CF254C /* String+Extensions.swift */; };
		0AFC89522AFD13DE005ADC17 /* FFCreateProgramViewController.swift in Sources */ = {isa = PBXBuildFile; fileRef = 0AFC89512AFD13DE005ADC17 /* FFCreateProgramViewController.swift */; };
/* End PBXBuildFile section */

/* Begin PBXFileReference section */
		0A1BEC702AC06D4600914FD5 /* AlertError+UIViewControllerExtensions.swift */ = {isa = PBXFileReference; lastKnownFileType = sourcecode.swift; path = "AlertError+UIViewControllerExtensions.swift"; sourceTree = "<group>"; };
		0A1BEC732AC1D9FE00914FD5 /* FFNewsPageTableViewCell.swift */ = {isa = PBXFileReference; lastKnownFileType = sourcecode.swift; path = FFNewsPageTableViewCell.swift; sourceTree = "<group>"; };
		0A22BB2A2AC30558004FD282 /* FFNewsTableViewDataSource.swift */ = {isa = PBXFileReference; lastKnownFileType = sourcecode.swift; path = FFNewsTableViewDataSource.swift; sourceTree = "<group>"; };
		0A2347AD2AEFEF21002C161C /* FFExercisesViewModel.swift */ = {isa = PBXFileReference; lastKnownFileType = sourcecode.swift; path = FFExercisesViewModel.swift; sourceTree = "<group>"; };
		0A2347B42AF10BA8002C161C /* FFExercisesCollectionViewCell.swift */ = {isa = PBXFileReference; lastKnownFileType = sourcecode.swift; path = FFExercisesCollectionViewCell.swift; sourceTree = "<group>"; };
		0A2347B62AF11046002C161C /* FFExercisesMuscleGroupViewController.swift */ = {isa = PBXFileReference; lastKnownFileType = sourcecode.swift; path = FFExercisesMuscleGroupViewController.swift; sourceTree = "<group>"; };
		0A2347B92AF24B3E002C161C /* FFExercisesMuscleTableViewCell.swift */ = {isa = PBXFileReference; lastKnownFileType = sourcecode.swift; path = FFExercisesMuscleTableViewCell.swift; sourceTree = "<group>"; };
		0A2347BB2AF24D1A002C161C /* FFExerciseDescriptionViewController.swift */ = {isa = PBXFileReference; lastKnownFileType = sourcecode.swift; path = FFExerciseDescriptionViewController.swift; sourceTree = "<group>"; };
		0A2347D02AF39C31002C161C /* FFExerciseMuscleGroupViewModel.swift */ = {isa = PBXFileReference; lastKnownFileType = sourcecode.swift; path = FFExerciseMuscleGroupViewModel.swift; sourceTree = "<group>"; };
		0A2347D22AF39C3E002C161C /* FFExerciseDescriptionViewModel.swift */ = {isa = PBXFileReference; lastKnownFileType = sourcecode.swift; path = FFExerciseDescriptionViewModel.swift; sourceTree = "<group>"; };
		0A2347D82AF91091002C161C /* FFGetPlanExerciseRequest.swift */ = {isa = PBXFileReference; lastKnownFileType = sourcecode.swift; path = FFGetPlanExerciseRequest.swift; sourceTree = "<group>"; };
		0A2347DA2AF92058002C161C /* FFPlansWorkoutModel.swift */ = {isa = PBXFileReference; lastKnownFileType = sourcecode.swift; path = FFPlansWorkoutModel.swift; sourceTree = "<group>"; };
		0A2347DC2AF9211A002C161C /* FFPlansCustomPlanModel.swift */ = {isa = PBXFileReference; lastKnownFileType = sourcecode.swift; path = FFPlansCustomPlanModel.swift; sourceTree = "<group>"; };
		0A2347DE2AF92ACF002C161C /* TestModelWorkout.swift */ = {isa = PBXFileReference; lastKnownFileType = sourcecode.swift; path = TestModelWorkout.swift; sourceTree = "<group>"; };
		0A2347E42AF9BC96002C161C /* FFGetExercisesDataBase.swift */ = {isa = PBXFileReference; lastKnownFileType = sourcecode.swift; path = FFGetExercisesDataBase.swift; sourceTree = "<group>"; };
		0A2347E62AF9CCCB002C161C /* FFExerciseModel.swift */ = {isa = PBXFileReference; lastKnownFileType = sourcecode.swift; path = FFExerciseModel.swift; sourceTree = "<group>"; };
		0A3FC2E12ADEBF4100E35739 /* FFImageDetailsViewController.swift */ = {isa = PBXFileReference; lastKnownFileType = sourcecode.swift; path = FFImageDetailsViewController.swift; sourceTree = "<group>"; };
		0A3FC2E32ADF0B8A00E35739 /* FFImageDetailsViewModel.swift */ = {isa = PBXFileReference; lastKnownFileType = sourcecode.swift; path = FFImageDetailsViewModel.swift; sourceTree = "<group>"; };
		0A4494BC2AB821FD0082C909 /* FeelFit.app */ = {isa = PBXFileReference; explicitFileType = wrapper.application; includeInIndex = 0; path = FeelFit.app; sourceTree = BUILT_PRODUCTS_DIR; };
		0A4494BF2AB821FD0082C909 /* AppDelegate.swift */ = {isa = PBXFileReference; lastKnownFileType = sourcecode.swift; path = AppDelegate.swift; sourceTree = "<group>"; };
		0A4494C12AB821FD0082C909 /* SceneDelegate.swift */ = {isa = PBXFileReference; lastKnownFileType = sourcecode.swift; path = SceneDelegate.swift; sourceTree = "<group>"; };
		0A4494C32AB821FD0082C909 /* FFNewsPageViewController.swift */ = {isa = PBXFileReference; lastKnownFileType = sourcecode.swift; path = FFNewsPageViewController.swift; sourceTree = "<group>"; };
		0A4494C82AB822000082C909 /* Assets.xcassets */ = {isa = PBXFileReference; lastKnownFileType = folder.assetcatalog; path = Assets.xcassets; sourceTree = "<group>"; };
		0A4494CB2AB822000082C909 /* Base */ = {isa = PBXFileReference; lastKnownFileType = file.storyboard; name = Base; path = Base.lproj/LaunchScreen.storyboard; sourceTree = "<group>"; };
		0A4494CD2AB822000082C909 /* Info.plist */ = {isa = PBXFileReference; lastKnownFileType = text.plist.xml; path = Info.plist; sourceTree = "<group>"; };
		0A4494FE2AB99FA40082C909 /* FFNewsPageViewModel.swift */ = {isa = PBXFileReference; lastKnownFileType = sourcecode.swift; path = FFNewsPageViewModel.swift; sourceTree = "<group>"; };
		0A44950F2ABA031B0082C909 /* SetupProtocol.swift */ = {isa = PBXFileReference; lastKnownFileType = sourcecode.swift; path = SetupProtocol.swift; sourceTree = "<group>"; };
		0A4495152ABA67CE0082C909 /* FFTabBarController.swift */ = {isa = PBXFileReference; lastKnownFileType = sourcecode.swift; path = FFTabBarController.swift; sourceTree = "<group>"; };
		0A4495182ABA72A90082C909 /* Resources+Enums.swift */ = {isa = PBXFileReference; lastKnownFileType = sourcecode.swift; path = "Resources+Enums.swift"; sourceTree = "<group>"; };
		0A4495282ABA79700082C909 /* FFExercisesViewController.swift */ = {isa = PBXFileReference; lastKnownFileType = sourcecode.swift; path = FFExercisesViewController.swift; sourceTree = "<group>"; };
		0A44952A2ABA79B20082C909 /* FFHealthViewController.swift */ = {isa = PBXFileReference; lastKnownFileType = sourcecode.swift; path = FFHealthViewController.swift; sourceTree = "<group>"; };
		0A44952C2ABA79FB0082C909 /* FFTRainingPlanViewController.swift */ = {isa = PBXFileReference; lastKnownFileType = sourcecode.swift; path = FFTRainingPlanViewController.swift; sourceTree = "<group>"; };
		0A44952E2ABA7A340082C909 /* FFProfileViewController.swift */ = {isa = PBXFileReference; lastKnownFileType = sourcecode.swift; path = FFProfileViewController.swift; sourceTree = "<group>"; };
		0A4495302ABA863D0082C909 /* FFNavigationController.swift */ = {isa = PBXFileReference; lastKnownFileType = sourcecode.swift; path = FFNavigationController.swift; sourceTree = "<group>"; };
		0A4495322ABA8D9E0082C909 /* UIViewController+extension.swift */ = {isa = PBXFileReference; lastKnownFileType = sourcecode.swift; path = "UIViewController+extension.swift"; sourceTree = "<group>"; };
		0A4495352ABC3F950082C909 /* FFGetNewsRequest.swift */ = {isa = PBXFileReference; lastKnownFileType = sourcecode.swift; path = FFGetNewsRequest.swift; sourceTree = "<group>"; };
		0A4495382ABC43B70082C909 /* FFNewsModel.swift */ = {isa = PBXFileReference; lastKnownFileType = sourcecode.swift; path = FFNewsModel.swift; sourceTree = "<group>"; };
		0A6D9C502AE99AAA002CAD2C /* FFNewsSetupRequestTableViewCell.swift */ = {isa = PBXFileReference; lastKnownFileType = sourcecode.swift; path = FFNewsSetupRequestTableViewCell.swift; sourceTree = "<group>"; };
		0A6D9C522AEA5228002CAD2C /* ViewAlert+UIViewController.swift */ = {isa = PBXFileReference; lastKnownFileType = sourcecode.swift; path = "ViewAlert+UIViewController.swift"; sourceTree = "<group>"; };
		0A6D9C542AEA5D1A002CAD2C /* UIFont+Extensions.swift */ = {isa = PBXFileReference; lastKnownFileType = sourcecode.swift; path = "UIFont+Extensions.swift"; sourceTree = "<group>"; };
		0ACEA9D72ACD341D00899CF6 /* Array+Extensions.swift */ = {isa = PBXFileReference; lastKnownFileType = sourcecode.swift; path = "Array+Extensions.swift"; sourceTree = "<group>"; };
		0ACEA9D92ACD3A6900899CF6 /* FFNewsFavouriteViewController.swift */ = {isa = PBXFileReference; lastKnownFileType = sourcecode.swift; path = FFNewsFavouriteViewController.swift; sourceTree = "<group>"; };
		0ACEA9DC2ACF1B9800899CF6 /* FFNewsStoreManager.swift */ = {isa = PBXFileReference; lastKnownFileType = sourcecode.swift; path = FFNewsStoreManager.swift; sourceTree = "<group>"; };
		0ACEA9DE2ACF1C9B00899CF6 /* FFNewsModelRealm.swift */ = {isa = PBXFileReference; lastKnownFileType = sourcecode.swift; path = FFNewsModelRealm.swift; sourceTree = "<group>"; };
		0ACEA9E12ACF77C400899CF6 /* FFNewsImageView.swift */ = {isa = PBXFileReference; lastKnownFileType = sourcecode.swift; path = FFNewsImageView.swift; sourceTree = "<group>"; };
		0ACEA9E32ACF7E3100899CF6 /* FFNewsPageDetailViewController.swift */ = {isa = PBXFileReference; lastKnownFileType = sourcecode.swift; path = FFNewsPageDetailViewController.swift; sourceTree = "<group>"; };
		0ACEA9E52AD5CC6E00899CF6 /* FFNewsSetupRequestViewController.swift */ = {isa = PBXFileReference; lastKnownFileType = sourcecode.swift; path = FFNewsSetupRequestViewController.swift; sourceTree = "<group>"; };
		0ACEA9E82AD7EDBF00899CF6 /* Coordinator.swift */ = {isa = PBXFileReference; lastKnownFileType = sourcecode.swift; path = Coordinator.swift; sourceTree = "<group>"; };
		0ACEA9F02AD9734D00899CF6 /* AppCoordinator.swift */ = {isa = PBXFileReference; lastKnownFileType = sourcecode.swift; path = AppCoordinator.swift; sourceTree = "<group>"; };
		0ACEAA522ADD74EB00899CF6 /* FFNewsFavouriteViewModel.swift */ = {isa = PBXFileReference; lastKnownFileType = sourcecode.swift; path = FFNewsFavouriteViewModel.swift; sourceTree = "<group>"; };
		0ACEAA542ADD754C00899CF6 /* FFNewsSettingViewModel.swift */ = {isa = PBXFileReference; lastKnownFileType = sourcecode.swift; path = FFNewsSettingViewModel.swift; sourceTree = "<group>"; };
		0ACEAA562ADD757900899CF6 /* FFNewsDetailViewModel.swift */ = {isa = PBXFileReference; lastKnownFileType = sourcecode.swift; path = FFNewsDetailViewModel.swift; sourceTree = "<group>"; };
		0ADFDE972AC7E31300CF254C /* Date+Extensions.swift */ = {isa = PBXFileReference; lastKnownFileType = sourcecode.swift; path = "Date+Extensions.swift"; sourceTree = "<group>"; };
		0ADFDE992AC7E8D800CF254C /* String+Extensions.swift */ = {isa = PBXFileReference; lastKnownFileType = sourcecode.swift; path = "String+Extensions.swift"; sourceTree = "<group>"; };
		0AFC89512AFD13DE005ADC17 /* FFCreateProgramViewController.swift */ = {isa = PBXFileReference; lastKnownFileType = sourcecode.swift; path = FFCreateProgramViewController.swift; sourceTree = "<group>"; };
/* End PBXFileReference section */

/* Begin PBXFrameworksBuildPhase section */
		0A4494B92AB821FD0082C909 /* Frameworks */ = {
			isa = PBXFrameworksBuildPhase;
			buildActionMask = 2147483647;
			files = (
				0A4494DD2AB82ED80082C909 /* RealmSwift in Frameworks */,
				0A4494DB2AB82ED80082C909 /* Realm in Frameworks */,
				0A4494D52AB82AB70082C909 /* SnapKit in Frameworks */,
				0A4494D82AB82B330082C909 /* Alamofire in Frameworks */,
				0A2347E22AF9B2C1002C161C /* Kingfisher in Frameworks */,
			);
			runOnlyForDeploymentPostprocessing = 0;
		};
/* End PBXFrameworksBuildPhase section */

/* Begin PBXGroup section */
		0A1BEC722AC1D9E000914FD5 /* TableViewCell */ = {
			isa = PBXGroup;
			children = (
				0A1BEC732AC1D9FE00914FD5 /* FFNewsPageTableViewCell.swift */,
				0A6D9C502AE99AAA002CAD2C /* FFNewsSetupRequestTableViewCell.swift */,
			);
			path = TableViewCell;
			sourceTree = "<group>";
		};
		0A22BB262AC3051B004FD282 /* TableViewDelegate */ = {
			isa = PBXGroup;
			children = (
			);
			path = TableViewDelegate;
			sourceTree = "<group>";
		};
		0A22BB272AC30523004FD282 /* TableViewDataSource */ = {
			isa = PBXGroup;
			children = (
				0A22BB2A2AC30558004FD282 /* FFNewsTableViewDataSource.swift */,
			);
			path = TableViewDataSource;
			sourceTree = "<group>";
		};
		0A22BB2C2AC4566E004FD282 /* TableViewGroup */ = {
			isa = PBXGroup;
			children = (
				0A9385302AE518B9004F97C9 /* TableViewHeaderView */,
				0A1BEC722AC1D9E000914FD5 /* TableViewCell */,
				0A22BB272AC30523004FD282 /* TableViewDataSource */,
				0A22BB262AC3051B004FD282 /* TableViewDelegate */,
			);
			path = TableViewGroup;
			sourceTree = "<group>";
		};
		0A2347B32AF10B78002C161C /* CollectionView */ = {
			isa = PBXGroup;
			children = (
				0A2347B42AF10BA8002C161C /* FFExercisesCollectionViewCell.swift */,
			);
			path = CollectionView;
			sourceTree = "<group>";
		};
		0A2347B82AF24B1A002C161C /* TableView */ = {
			isa = PBXGroup;
			children = (
				0A2347B92AF24B3E002C161C /* FFExercisesMuscleTableViewCell.swift */,
			);
			path = TableView;
			sourceTree = "<group>";
		};
		0A2347E82AFBBC74002C161C /* News Module */ = {
			isa = PBXGroup;
			children = (
				0A4495352ABC3F950082C909 /* FFGetNewsRequest.swift */,
			);
			path = "News Module";
			sourceTree = "<group>";
		};
		0A2347E92AFBBC80002C161C /* Exercise Module */ = {
			isa = PBXGroup;
			children = (
				0A2347E42AF9BC96002C161C /* FFGetExercisesDataBase.swift */,
			);
			path = "Exercise Module";
			sourceTree = "<group>";
		};
		0A2347EA2AFBBC94002C161C /* Plan Module */ = {
			isa = PBXGroup;
			children = (
				0A2347D82AF91091002C161C /* FFGetPlanExerciseRequest.swift */,
			);
			path = "Plan Module";
			sourceTree = "<group>";
		};
		0A4494B32AB821FD0082C909 = {
			isa = PBXGroup;
			children = (
				0A4494BE2AB821FD0082C909 /* FeelFit */,
				0A4494BD2AB821FD0082C909 /* Products */,
			);
			sourceTree = "<group>";
		};
		0A4494BD2AB821FD0082C909 /* Products */ = {
			isa = PBXGroup;
			children = (
				0A4494BC2AB821FD0082C909 /* FeelFit.app */,
			);
			name = Products;
			sourceTree = "<group>";
		};
		0A4494BE2AB821FD0082C909 /* FeelFit */ = {
			isa = PBXGroup;
			children = (
				0ACEA9E72AD7ED1700899CF6 /* Coordinator */,
				0A4495002AB9CFB40082C909 /* Modules */,
				0A4495342ABC3F720082C909 /* APIClient */,
				0ACEA9DB2ACF1B6E00899CF6 /* Store Managers */,
				0A4495172ABA728F0082C909 /* Helpers */,
				0A44950C2AB9FC310082C909 /* Extensions */,
				0A44950B2AB9FC260082C909 /* Managers */,
				0A4495012AB9CFDF0082C909 /* Resources */,
			);
			path = FeelFit;
			sourceTree = "<group>";
		};
		0A4495002AB9CFB40082C909 /* Modules */ = {
			isa = PBXGroup;
			children = (
				0A4495032AB9D0D90082C909 /* News */,
				0A4495042AB9D0F30082C909 /* Exercises */,
				0A4495062AB9D1330082C909 /* TrainingPlan */,
				0A4495052AB9D11D0082C909 /* Health */,
				0A4495072AB9D1460082C909 /* Profile */,
				0A4495082AB9D1630082C909 /* Information */,
				0A4495092AB9D16D0082C909 /* Terms */,
				0A4495372ABC43150082C909 /* Navigation */,
			);
			path = Modules;
			sourceTree = "<group>";
		};
		0A4495012AB9CFDF0082C909 /* Resources */ = {
			isa = PBXGroup;
			children = (
				0A4495022AB9CFEF0082C909 /* Assets */,
				0A4494CA2AB822000082C909 /* LaunchScreen.storyboard */,
				0A4494BF2AB821FD0082C909 /* AppDelegate.swift */,
				0A4494C12AB821FD0082C909 /* SceneDelegate.swift */,
				0A4494CD2AB822000082C909 /* Info.plist */,
			);
			path = Resources;
			sourceTree = "<group>";
		};
		0A4495022AB9CFEF0082C909 /* Assets */ = {
			isa = PBXGroup;
			children = (
				0A4494C82AB822000082C909 /* Assets.xcassets */,
			);
			path = Assets;
			sourceTree = "<group>";
		};
		0A4495032AB9D0D90082C909 /* News */ = {
			isa = PBXGroup;
			children = (
				0A22BB2C2AC4566E004FD282 /* TableViewGroup */,
				0A44950E2AB9FCC40082C909 /* ViewModel */,
				0A44950D2AB9FCBD0082C909 /* View */,
				0ACEA9E02ACF77AB00899CF6 /* SecondaryView */,
				0A4495272ABA794E0082C909 /* Model */,
			);
			path = News;
			sourceTree = "<group>";
		};
		0A4495042AB9D0F30082C909 /* Exercises */ = {
			isa = PBXGroup;
			children = (
				0A2347B82AF24B1A002C161C /* TableView */,
				0A2347B32AF10B78002C161C /* CollectionView */,
				0A44951C2ABA78EF0082C909 /* ViewModel */,
				0A44951B2ABA78EA0082C909 /* View */,
				0A44951A2ABA78E30082C909 /* Model */,
			);
			path = Exercises;
			sourceTree = "<group>";
		};
		0A4495052AB9D11D0082C909 /* Health */ = {
			isa = PBXGroup;
			children = (
				0A4495202ABA79250082C909 /* ViewModel */,
				0A44951F2ABA79210082C909 /* View */,
				0A44951E2ABA79120082C909 /* Model */,
			);
			path = Health;
			sourceTree = "<group>";
		};
		0A4495062AB9D1330082C909 /* TrainingPlan */ = {
			isa = PBXGroup;
			children = (
				0A4495262ABA79440082C909 /* ViewModel */,
				0A4495252ABA79400082C909 /* View */,
				0A4495242ABA793C0082C909 /* Model */,
			);
			path = TrainingPlan;
			sourceTree = "<group>";
		};
		0A4495072AB9D1460082C909 /* Profile */ = {
			isa = PBXGroup;
			children = (
				0A4495232ABA79350082C909 /* ViewModel */,
				0A4495222ABA79300082C909 /* View */,
				0A4495212ABA792B0082C909 /* Model */,
			);
			path = Profile;
			sourceTree = "<group>";
		};
		0A4495082AB9D1630082C909 /* Information */ = {
			isa = PBXGroup;
			children = (
			);
			path = Information;
			sourceTree = "<group>";
		};
		0A4495092AB9D16D0082C909 /* Terms */ = {
			isa = PBXGroup;
			children = (
			);
			path = Terms;
			sourceTree = "<group>";
		};
		0A44950B2AB9FC260082C909 /* Managers */ = {
			isa = PBXGroup;
			children = (
				0A44950F2ABA031B0082C909 /* SetupProtocol.swift */,
			);
			path = Managers;
			sourceTree = "<group>";
		};
		0A44950C2AB9FC310082C909 /* Extensions */ = {
			isa = PBXGroup;
			children = (
				0A4495322ABA8D9E0082C909 /* UIViewController+extension.swift */,
				0A1BEC702AC06D4600914FD5 /* AlertError+UIViewControllerExtensions.swift */,
				0A6D9C522AEA5228002CAD2C /* ViewAlert+UIViewController.swift */,
			);
			path = Extensions;
			sourceTree = "<group>";
		};
		0A44950D2AB9FCBD0082C909 /* View */ = {
			isa = PBXGroup;
			children = (
				0A4494C32AB821FD0082C909 /* FFNewsPageViewController.swift */,
				0ACEA9D92ACD3A6900899CF6 /* FFNewsFavouriteViewController.swift */,
				0ACEA9E32ACF7E3100899CF6 /* FFNewsPageDetailViewController.swift */,
				0ACEA9E52AD5CC6E00899CF6 /* FFNewsSetupRequestViewController.swift */,
				0A3FC2E12ADEBF4100E35739 /* FFImageDetailsViewController.swift */,
			);
			path = View;
			sourceTree = "<group>";
		};
		0A44950E2AB9FCC40082C909 /* ViewModel */ = {
			isa = PBXGroup;
			children = (
				0A4494FE2AB99FA40082C909 /* FFNewsPageViewModel.swift */,
				0ACEAA522ADD74EB00899CF6 /* FFNewsFavouriteViewModel.swift */,
				0ACEAA562ADD757900899CF6 /* FFNewsDetailViewModel.swift */,
				0ACEAA542ADD754C00899CF6 /* FFNewsSettingViewModel.swift */,
				0A3FC2E32ADF0B8A00E35739 /* FFImageDetailsViewModel.swift */,
			);
			path = ViewModel;
			sourceTree = "<group>";
		};
		0A4495172ABA728F0082C909 /* Helpers */ = {
			isa = PBXGroup;
			children = (
				0A4495182ABA72A90082C909 /* Resources+Enums.swift */,
				0ADFDE972AC7E31300CF254C /* Date+Extensions.swift */,
				0ADFDE992AC7E8D800CF254C /* String+Extensions.swift */,
				0ACEA9D72ACD341D00899CF6 /* Array+Extensions.swift */,
				0A6D9C542AEA5D1A002CAD2C /* UIFont+Extensions.swift */,
			);
			path = Helpers;
			sourceTree = "<group>";
		};
		0A44951A2ABA78E30082C909 /* Model */ = {
			isa = PBXGroup;
			children = (
				0A2347E62AF9CCCB002C161C /* FFExerciseModel.swift */,
			);
			path = Model;
			sourceTree = "<group>";
		};
		0A44951B2ABA78EA0082C909 /* View */ = {
			isa = PBXGroup;
			children = (
				0A4495282ABA79700082C909 /* FFExercisesViewController.swift */,
				0A2347B62AF11046002C161C /* FFExercisesMuscleGroupViewController.swift */,
				0A2347BB2AF24D1A002C161C /* FFExerciseDescriptionViewController.swift */,
			);
			path = View;
			sourceTree = "<group>";
		};
		0A44951C2ABA78EF0082C909 /* ViewModel */ = {
			isa = PBXGroup;
			children = (
				0A2347AD2AEFEF21002C161C /* FFExercisesViewModel.swift */,
				0A2347D02AF39C31002C161C /* FFExerciseMuscleGroupViewModel.swift */,
				0A2347D22AF39C3E002C161C /* FFExerciseDescriptionViewModel.swift */,
			);
			path = ViewModel;
			sourceTree = "<group>";
		};
		0A44951E2ABA79120082C909 /* Model */ = {
			isa = PBXGroup;
			children = (
			);
			path = Model;
			sourceTree = "<group>";
		};
		0A44951F2ABA79210082C909 /* View */ = {
			isa = PBXGroup;
			children = (
				0A44952A2ABA79B20082C909 /* FFHealthViewController.swift */,
			);
			path = View;
			sourceTree = "<group>";
		};
		0A4495202ABA79250082C909 /* ViewModel */ = {
			isa = PBXGroup;
			children = (
			);
			path = ViewModel;
			sourceTree = "<group>";
		};
		0A4495212ABA792B0082C909 /* Model */ = {
			isa = PBXGroup;
			children = (
			);
			path = Model;
			sourceTree = "<group>";
		};
		0A4495222ABA79300082C909 /* View */ = {
			isa = PBXGroup;
			children = (
				0A44952E2ABA7A340082C909 /* FFProfileViewController.swift */,
			);
			path = View;
			sourceTree = "<group>";
		};
		0A4495232ABA79350082C909 /* ViewModel */ = {
			isa = PBXGroup;
			children = (
			);
			path = ViewModel;
			sourceTree = "<group>";
		};
		0A4495242ABA793C0082C909 /* Model */ = {
			isa = PBXGroup;
			children = (
				0A2347DA2AF92058002C161C /* FFPlansWorkoutModel.swift */,
				0A2347DC2AF9211A002C161C /* FFPlansCustomPlanModel.swift */,
				0A2347DE2AF92ACF002C161C /* TestModelWorkout.swift */,
			);
			path = Model;
			sourceTree = "<group>";
		};
		0A4495252ABA79400082C909 /* View */ = {
			isa = PBXGroup;
			children = (
				0A44952C2ABA79FB0082C909 /* FFTRainingPlanViewController.swift */,
				0AFC89512AFD13DE005ADC17 /* FFCreateProgramViewController.swift */,
			);
			path = View;
			sourceTree = "<group>";
		};
		0A4495262ABA79440082C909 /* ViewModel */ = {
			isa = PBXGroup;
			children = (
			);
			path = ViewModel;
			sourceTree = "<group>";
		};
		0A4495272ABA794E0082C909 /* Model */ = {
			isa = PBXGroup;
			children = (
				0A4495382ABC43B70082C909 /* FFNewsModel.swift */,
				0ACEA9DE2ACF1C9B00899CF6 /* FFNewsModelRealm.swift */,
			);
			path = Model;
			sourceTree = "<group>";
		};
		0A4495342ABC3F720082C909 /* APIClient */ = {
			isa = PBXGroup;
			children = (
				0A2347E82AFBBC74002C161C /* News Module */,
				0A2347E92AFBBC80002C161C /* Exercise Module */,
				0A2347EA2AFBBC94002C161C /* Plan Module */,
			);
			path = APIClient;
			sourceTree = "<group>";
		};
		0A4495372ABC43150082C909 /* Navigation */ = {
			isa = PBXGroup;
			children = (
				0A4495302ABA863D0082C909 /* FFNavigationController.swift */,
				0A4495152ABA67CE0082C909 /* FFTabBarController.swift */,
			);
			path = Navigation;
			sourceTree = "<group>";
		};
		0A9385302AE518B9004F97C9 /* TableViewHeaderView */ = {
			isa = PBXGroup;
			children = (
			);
			path = TableViewHeaderView;
			sourceTree = "<group>";
		};
		0ACEA9DB2ACF1B6E00899CF6 /* Store Managers */ = {
			isa = PBXGroup;
			children = (
				0ACEA9DC2ACF1B9800899CF6 /* FFNewsStoreManager.swift */,
			);
			path = "Store Managers";
			sourceTree = "<group>";
		};
		0ACEA9E02ACF77AB00899CF6 /* SecondaryView */ = {
			isa = PBXGroup;
			children = (
				0ACEA9E12ACF77C400899CF6 /* FFNewsImageView.swift */,
			);
			path = SecondaryView;
			sourceTree = "<group>";
		};
		0ACEA9E72AD7ED1700899CF6 /* Coordinator */ = {
			isa = PBXGroup;
			children = (
				0ACEA9E82AD7EDBF00899CF6 /* Coordinator.swift */,
				0ACEA9F02AD9734D00899CF6 /* AppCoordinator.swift */,
			);
			path = Coordinator;
			sourceTree = "<group>";
		};
/* End PBXGroup section */

/* Begin PBXNativeTarget section */
		0A4494BB2AB821FD0082C909 /* FeelFit */ = {
			isa = PBXNativeTarget;
			buildConfigurationList = 0A4494D02AB822000082C909 /* Build configuration list for PBXNativeTarget "FeelFit" */;
			buildPhases = (
				0A4494B82AB821FD0082C909 /* Sources */,
				0A4494B92AB821FD0082C909 /* Frameworks */,
				0A4494BA2AB821FD0082C909 /* Resources */,
			);
			buildRules = (
			);
			dependencies = (
			);
			name = FeelFit;
			packageProductDependencies = (
				0A4494D42AB82AB70082C909 /* SnapKit */,
				0A4494D72AB82B330082C909 /* Alamofire */,
				0A4494DA2AB82ED80082C909 /* Realm */,
				0A4494DC2AB82ED80082C909 /* RealmSwift */,
				0A2347E12AF9B2C1002C161C /* Kingfisher */,
			);
			productName = FeelFit;
			productReference = 0A4494BC2AB821FD0082C909 /* FeelFit.app */;
			productType = "com.apple.product-type.application";
		};
/* End PBXNativeTarget section */

/* Begin PBXProject section */
		0A4494B42AB821FD0082C909 /* Project object */ = {
			isa = PBXProject;
			attributes = {
				BuildIndependentTargetsInParallel = 1;
				LastSwiftUpdateCheck = 1430;
				LastUpgradeCheck = 1500;
				TargetAttributes = {
					0A4494BB2AB821FD0082C909 = {
						CreatedOnToolsVersion = 14.3.1;
					};
				};
			};
			buildConfigurationList = 0A4494B72AB821FD0082C909 /* Build configuration list for PBXProject "FeelFit" */;
			compatibilityVersion = "Xcode 14.0";
			developmentRegion = en;
			hasScannedForEncodings = 0;
			knownRegions = (
				en,
				Base,
			);
			mainGroup = 0A4494B32AB821FD0082C909;
			packageReferences = (
				0A4494D32AB82AB70082C909 /* XCRemoteSwiftPackageReference "SnapKit" */,
				0A4494D62AB82B330082C909 /* XCRemoteSwiftPackageReference "Alamofire" */,
				0A4494D92AB82ED80082C909 /* XCRemoteSwiftPackageReference "realm-swift" */,
				0A2347E02AF9B2C1002C161C /* XCRemoteSwiftPackageReference "Kingfisher" */,
			);
			productRefGroup = 0A4494BD2AB821FD0082C909 /* Products */;
			projectDirPath = "";
			projectRoot = "";
			targets = (
				0A4494BB2AB821FD0082C909 /* FeelFit */,
			);
		};
/* End PBXProject section */

/* Begin PBXResourcesBuildPhase section */
		0A4494BA2AB821FD0082C909 /* Resources */ = {
			isa = PBXResourcesBuildPhase;
			buildActionMask = 2147483647;
			files = (
				0A4494CC2AB822000082C909 /* LaunchScreen.storyboard in Resources */,
				0A4494C92AB822000082C909 /* Assets.xcassets in Resources */,
			);
			runOnlyForDeploymentPostprocessing = 0;
		};
/* End PBXResourcesBuildPhase section */

/* Begin PBXSourcesBuildPhase section */
		0A4494B82AB821FD0082C909 /* Sources */ = {
			isa = PBXSourcesBuildPhase;
			buildActionMask = 2147483647;
			files = (
				0A1BEC712AC06D4600914FD5 /* AlertError+UIViewControllerExtensions.swift in Sources */,
				0ACEA9E22ACF77C400899CF6 /* FFNewsImageView.swift in Sources */,
				0ADFDE9A2AC7E8D800CF254C /* String+Extensions.swift in Sources */,
				0A2347D32AF39C3E002C161C /* FFExerciseDescriptionViewModel.swift in Sources */,
				0A1BEC742AC1D9FE00914FD5 /* FFNewsPageTableViewCell.swift in Sources */,
				0A2347DD2AF9211A002C161C /* FFPlansCustomPlanModel.swift in Sources */,
				0ACEA9D82ACD341D00899CF6 /* Array+Extensions.swift in Sources */,
				0A2347B52AF10BA8002C161C /* FFExercisesCollectionViewCell.swift in Sources */,
				0A2347DB2AF92058002C161C /* FFPlansWorkoutModel.swift in Sources */,
				0A4495332ABA8D9E0082C909 /* UIViewController+extension.swift in Sources */,
				0A4495292ABA79700082C909 /* FFExercisesViewController.swift in Sources */,
				0A44952D2ABA79FB0082C909 /* FFTRainingPlanViewController.swift in Sources */,
				0ACEA9F12AD9734D00899CF6 /* AppCoordinator.swift in Sources */,
				0A4494C42AB821FD0082C909 /* FFNewsPageViewController.swift in Sources */,
				0A4495162ABA67CE0082C909 /* FFTabBarController.swift in Sources */,
				0A3FC2E42ADF0B8A00E35739 /* FFImageDetailsViewModel.swift in Sources */,
				0A2347DF2AF92ACF002C161C /* TestModelWorkout.swift in Sources */,
				0A4494C02AB821FD0082C909 /* AppDelegate.swift in Sources */,
				0ACEA9E42ACF7E3100899CF6 /* FFNewsPageDetailViewController.swift in Sources */,
				0A3FC2E22ADEBF4100E35739 /* FFImageDetailsViewController.swift in Sources */,
				0A2347D12AF39C31002C161C /* FFExerciseMuscleGroupViewModel.swift in Sources */,
				0A4495102ABA031B0082C909 /* SetupProtocol.swift in Sources */,
				0A2347D92AF91091002C161C /* FFGetPlanExerciseRequest.swift in Sources */,
				0A6D9C552AEA5D1A002CAD2C /* UIFont+Extensions.swift in Sources */,
				0A4495192ABA72A90082C909 /* Resources+Enums.swift in Sources */,
				0ACEA9DD2ACF1B9800899CF6 /* FFNewsStoreManager.swift in Sources */,
				0A2347B72AF11046002C161C /* FFExercisesMuscleGroupViewController.swift in Sources */,
				0ACEAA552ADD754C00899CF6 /* FFNewsSettingViewModel.swift in Sources */,
				0A2347BC2AF24D1A002C161C /* FFExerciseDescriptionViewController.swift in Sources */,
				0ACEA9E62AD5CC6E00899CF6 /* FFNewsSetupRequestViewController.swift in Sources */,
				0A4494FF2AB99FA40082C909 /* FFNewsPageViewModel.swift in Sources */,
				0A2347BA2AF24B3E002C161C /* FFExercisesMuscleTableViewCell.swift in Sources */,
				0A22BB2B2AC30558004FD282 /* FFNewsTableViewDataSource.swift in Sources */,
				0A4495362ABC3F950082C909 /* FFGetNewsRequest.swift in Sources */,
				0ADFDE982AC7E31300CF254C /* Date+Extensions.swift in Sources */,
				0ACEAA532ADD74EB00899CF6 /* FFNewsFavouriteViewModel.swift in Sources */,
				0A2347AE2AEFEF21002C161C /* FFExercisesViewModel.swift in Sources */,
				0ACEA9E92AD7EDBF00899CF6 /* Coordinator.swift in Sources */,
				0A6D9C532AEA5228002CAD2C /* ViewAlert+UIViewController.swift in Sources */,
				0A2347E52AF9BC96002C161C /* FFGetExercisesDataBase.swift in Sources */,
				0A2347E72AF9CCCB002C161C /* FFExerciseModel.swift in Sources */,
				0A44952F2ABA7A340082C909 /* FFProfileViewController.swift in Sources */,
				0A4494C22AB821FD0082C909 /* SceneDelegate.swift in Sources */,
				0AFC89522AFD13DE005ADC17 /* FFCreateProgramViewController.swift in Sources */,
				0ACEA9DF2ACF1C9B00899CF6 /* FFNewsModelRealm.swift in Sources */,
				0A6D9C512AE99AAA002CAD2C /* FFNewsSetupRequestTableViewCell.swift in Sources */,
				0A4495392ABC43B70082C909 /* FFNewsModel.swift in Sources */,
				0A44952B2ABA79B20082C909 /* FFHealthViewController.swift in Sources */,
				0A4495312ABA863D0082C909 /* FFNavigationController.swift in Sources */,
				0ACEAA572ADD757900899CF6 /* FFNewsDetailViewModel.swift in Sources */,
				0ACEA9DA2ACD3A6900899CF6 /* FFNewsFavouriteViewController.swift in Sources */,
			);
			runOnlyForDeploymentPostprocessing = 0;
		};
/* End PBXSourcesBuildPhase section */

/* Begin PBXVariantGroup section */
		0A4494CA2AB822000082C909 /* LaunchScreen.storyboard */ = {
			isa = PBXVariantGroup;
			children = (
				0A4494CB2AB822000082C909 /* Base */,
			);
			name = LaunchScreen.storyboard;
			sourceTree = "<group>";
		};
/* End PBXVariantGroup section */

/* Begin XCBuildConfiguration section */
		0A4494CE2AB822000082C909 /* Debug */ = {
			isa = XCBuildConfiguration;
			buildSettings = {
				ALWAYS_SEARCH_USER_PATHS = NO;
				CLANG_ANALYZER_NONNULL = YES;
				CLANG_ANALYZER_NUMBER_OBJECT_CONVERSION = YES_AGGRESSIVE;
				CLANG_CXX_LANGUAGE_STANDARD = "gnu++20";
				CLANG_ENABLE_MODULES = YES;
				CLANG_ENABLE_OBJC_ARC = YES;
				CLANG_ENABLE_OBJC_WEAK = YES;
				CLANG_WARN_BLOCK_CAPTURE_AUTORELEASING = YES;
				CLANG_WARN_BOOL_CONVERSION = YES;
				CLANG_WARN_COMMA = YES;
				CLANG_WARN_CONSTANT_CONVERSION = YES;
				CLANG_WARN_DEPRECATED_OBJC_IMPLEMENTATIONS = YES;
				CLANG_WARN_DIRECT_OBJC_ISA_USAGE = YES_ERROR;
				CLANG_WARN_DOCUMENTATION_COMMENTS = YES;
				CLANG_WARN_EMPTY_BODY = YES;
				CLANG_WARN_ENUM_CONVERSION = YES;
				CLANG_WARN_INFINITE_RECURSION = YES;
				CLANG_WARN_INT_CONVERSION = YES;
				CLANG_WARN_NON_LITERAL_NULL_CONVERSION = YES;
				CLANG_WARN_OBJC_IMPLICIT_RETAIN_SELF = YES;
				CLANG_WARN_OBJC_LITERAL_CONVERSION = YES;
				CLANG_WARN_OBJC_ROOT_CLASS = YES_ERROR;
				CLANG_WARN_QUOTED_INCLUDE_IN_FRAMEWORK_HEADER = YES;
				CLANG_WARN_RANGE_LOOP_ANALYSIS = YES;
				CLANG_WARN_STRICT_PROTOTYPES = YES;
				CLANG_WARN_SUSPICIOUS_MOVE = YES;
				CLANG_WARN_UNGUARDED_AVAILABILITY = YES_AGGRESSIVE;
				CLANG_WARN_UNREACHABLE_CODE = YES;
				CLANG_WARN__DUPLICATE_METHOD_MATCH = YES;
				COPY_PHASE_STRIP = NO;
				DEBUG_INFORMATION_FORMAT = dwarf;
				ENABLE_STRICT_OBJC_MSGSEND = YES;
				ENABLE_TESTABILITY = YES;
				ENABLE_USER_SCRIPT_SANDBOXING = YES;
				GCC_C_LANGUAGE_STANDARD = gnu11;
				GCC_DYNAMIC_NO_PIC = NO;
				GCC_NO_COMMON_BLOCKS = YES;
				GCC_OPTIMIZATION_LEVEL = 0;
				GCC_PREPROCESSOR_DEFINITIONS = (
					"DEBUG=1",
					"$(inherited)",
				);
				GCC_WARN_64_TO_32_BIT_CONVERSION = YES;
				GCC_WARN_ABOUT_RETURN_TYPE = YES_ERROR;
				GCC_WARN_UNDECLARED_SELECTOR = YES;
				GCC_WARN_UNINITIALIZED_AUTOS = YES_AGGRESSIVE;
				GCC_WARN_UNUSED_FUNCTION = YES;
				GCC_WARN_UNUSED_VARIABLE = YES;
				IPHONEOS_DEPLOYMENT_TARGET = 17.0;
				MTL_ENABLE_DEBUG_INFO = INCLUDE_SOURCE;
				MTL_FAST_MATH = YES;
				ONLY_ACTIVE_ARCH = YES;
				SDKROOT = iphoneos;
				SWIFT_ACTIVE_COMPILATION_CONDITIONS = DEBUG;
				SWIFT_OPTIMIZATION_LEVEL = "-Onone";
			};
			name = Debug;
		};
		0A4494CF2AB822000082C909 /* Release */ = {
			isa = XCBuildConfiguration;
			buildSettings = {
				ALWAYS_SEARCH_USER_PATHS = NO;
				CLANG_ANALYZER_NONNULL = YES;
				CLANG_ANALYZER_NUMBER_OBJECT_CONVERSION = YES_AGGRESSIVE;
				CLANG_CXX_LANGUAGE_STANDARD = "gnu++20";
				CLANG_ENABLE_MODULES = YES;
				CLANG_ENABLE_OBJC_ARC = YES;
				CLANG_ENABLE_OBJC_WEAK = YES;
				CLANG_WARN_BLOCK_CAPTURE_AUTORELEASING = YES;
				CLANG_WARN_BOOL_CONVERSION = YES;
				CLANG_WARN_COMMA = YES;
				CLANG_WARN_CONSTANT_CONVERSION = YES;
				CLANG_WARN_DEPRECATED_OBJC_IMPLEMENTATIONS = YES;
				CLANG_WARN_DIRECT_OBJC_ISA_USAGE = YES_ERROR;
				CLANG_WARN_DOCUMENTATION_COMMENTS = YES;
				CLANG_WARN_EMPTY_BODY = YES;
				CLANG_WARN_ENUM_CONVERSION = YES;
				CLANG_WARN_INFINITE_RECURSION = YES;
				CLANG_WARN_INT_CONVERSION = YES;
				CLANG_WARN_NON_LITERAL_NULL_CONVERSION = YES;
				CLANG_WARN_OBJC_IMPLICIT_RETAIN_SELF = YES;
				CLANG_WARN_OBJC_LITERAL_CONVERSION = YES;
				CLANG_WARN_OBJC_ROOT_CLASS = YES_ERROR;
				CLANG_WARN_QUOTED_INCLUDE_IN_FRAMEWORK_HEADER = YES;
				CLANG_WARN_RANGE_LOOP_ANALYSIS = YES;
				CLANG_WARN_STRICT_PROTOTYPES = YES;
				CLANG_WARN_SUSPICIOUS_MOVE = YES;
				CLANG_WARN_UNGUARDED_AVAILABILITY = YES_AGGRESSIVE;
				CLANG_WARN_UNREACHABLE_CODE = YES;
				CLANG_WARN__DUPLICATE_METHOD_MATCH = YES;
				COPY_PHASE_STRIP = NO;
				DEBUG_INFORMATION_FORMAT = "dwarf-with-dsym";
				ENABLE_NS_ASSERTIONS = NO;
				ENABLE_STRICT_OBJC_MSGSEND = YES;
				ENABLE_USER_SCRIPT_SANDBOXING = YES;
				GCC_C_LANGUAGE_STANDARD = gnu11;
				GCC_NO_COMMON_BLOCKS = YES;
				GCC_WARN_64_TO_32_BIT_CONVERSION = YES;
				GCC_WARN_ABOUT_RETURN_TYPE = YES_ERROR;
				GCC_WARN_UNDECLARED_SELECTOR = YES;
				GCC_WARN_UNINITIALIZED_AUTOS = YES_AGGRESSIVE;
				GCC_WARN_UNUSED_FUNCTION = YES;
				GCC_WARN_UNUSED_VARIABLE = YES;
				IPHONEOS_DEPLOYMENT_TARGET = 17.0;
				MTL_ENABLE_DEBUG_INFO = NO;
				MTL_FAST_MATH = YES;
				SDKROOT = iphoneos;
				SWIFT_COMPILATION_MODE = wholemodule;
				SWIFT_OPTIMIZATION_LEVEL = "-O";
				VALIDATE_PRODUCT = YES;
			};
			name = Release;
		};
		0A4494D12AB822000082C909 /* Debug */ = {
			isa = XCBuildConfiguration;
			buildSettings = {
				ASSETCATALOG_COMPILER_APPICON_NAME = AppIcon;
				ASSETCATALOG_COMPILER_GLOBAL_ACCENT_COLOR_NAME = AccentColor;
				CODE_SIGN_STYLE = Automatic;
				CURRENT_PROJECT_VERSION = 1;
				DEVELOPMENT_TEAM = 8UABHSLKYJ;
				GENERATE_INFOPLIST_FILE = YES;
				INFOPLIST_FILE = FeelFit/Resources/Info.plist;
				INFOPLIST_KEY_UIApplicationSupportsIndirectInputEvents = YES;
				INFOPLIST_KEY_UILaunchStoryboardName = LaunchScreen;
				INFOPLIST_KEY_UIStatusBarStyle = "";
				INFOPLIST_KEY_UISupportedInterfaceOrientations_iPad = "UIInterfaceOrientationPortrait UIInterfaceOrientationPortraitUpsideDown UIInterfaceOrientationLandscapeLeft UIInterfaceOrientationLandscapeRight";
				INFOPLIST_KEY_UISupportedInterfaceOrientations_iPhone = "UIInterfaceOrientationPortrait UIInterfaceOrientationLandscapeLeft UIInterfaceOrientationLandscapeRight";
				LD_RUNPATH_SEARCH_PATHS = (
					"$(inherited)",
					"@executable_path/Frameworks",
				);
				MARKETING_VERSION = 1.0;
				PRODUCT_BUNDLE_IDENTIFIER = Malkov.KS.FeelFit;
				PRODUCT_NAME = "$(TARGET_NAME)";
				SWIFT_EMIT_LOC_STRINGS = YES;
				SWIFT_VERSION = 5.0;
				TARGETED_DEVICE_FAMILY = "1,2";
			};
			name = Debug;
		};
		0A4494D22AB822000082C909 /* Release */ = {
			isa = XCBuildConfiguration;
			buildSettings = {
				ASSETCATALOG_COMPILER_APPICON_NAME = AppIcon;
				ASSETCATALOG_COMPILER_GLOBAL_ACCENT_COLOR_NAME = AccentColor;
				CODE_SIGN_STYLE = Automatic;
				CURRENT_PROJECT_VERSION = 1;
				DEVELOPMENT_TEAM = 8UABHSLKYJ;
				GENERATE_INFOPLIST_FILE = YES;
				INFOPLIST_FILE = FeelFit/Resources/Info.plist;
				INFOPLIST_KEY_UIApplicationSupportsIndirectInputEvents = YES;
				INFOPLIST_KEY_UILaunchStoryboardName = LaunchScreen;
				INFOPLIST_KEY_UIStatusBarStyle = "";
				INFOPLIST_KEY_UISupportedInterfaceOrientations_iPad = "UIInterfaceOrientationPortrait UIInterfaceOrientationPortraitUpsideDown UIInterfaceOrientationLandscapeLeft UIInterfaceOrientationLandscapeRight";
				INFOPLIST_KEY_UISupportedInterfaceOrientations_iPhone = "UIInterfaceOrientationPortrait UIInterfaceOrientationLandscapeLeft UIInterfaceOrientationLandscapeRight";
				LD_RUNPATH_SEARCH_PATHS = (
					"$(inherited)",
					"@executable_path/Frameworks",
				);
				MARKETING_VERSION = 1.0;
				PRODUCT_BUNDLE_IDENTIFIER = Malkov.KS.FeelFit;
				PRODUCT_NAME = "$(TARGET_NAME)";
				SWIFT_EMIT_LOC_STRINGS = YES;
				SWIFT_VERSION = 5.0;
				TARGETED_DEVICE_FAMILY = "1,2";
			};
			name = Release;
		};
/* End XCBuildConfiguration section */

/* Begin XCConfigurationList section */
		0A4494B72AB821FD0082C909 /* Build configuration list for PBXProject "FeelFit" */ = {
			isa = XCConfigurationList;
			buildConfigurations = (
				0A4494CE2AB822000082C909 /* Debug */,
				0A4494CF2AB822000082C909 /* Release */,
			);
			defaultConfigurationIsVisible = 0;
			defaultConfigurationName = Release;
		};
		0A4494D02AB822000082C909 /* Build configuration list for PBXNativeTarget "FeelFit" */ = {
			isa = XCConfigurationList;
			buildConfigurations = (
				0A4494D12AB822000082C909 /* Debug */,
				0A4494D22AB822000082C909 /* Release */,
			);
			defaultConfigurationIsVisible = 0;
			defaultConfigurationName = Release;
		};
/* End XCConfigurationList section */

/* Begin XCRemoteSwiftPackageReference section */
		0A2347E02AF9B2C1002C161C /* XCRemoteSwiftPackageReference "Kingfisher" */ = {
			isa = XCRemoteSwiftPackageReference;
			repositoryURL = "https://github.com/onevcat/Kingfisher.git";
			requirement = {
				kind = upToNextMajorVersion;
				minimumVersion = 7.10.0;
			};
		};
		0A4494D32AB82AB70082C909 /* XCRemoteSwiftPackageReference "SnapKit" */ = {
			isa = XCRemoteSwiftPackageReference;
			repositoryURL = "https://github.com/SnapKit/SnapKit";
			requirement = {
				kind = upToNextMajorVersion;
				minimumVersion = 5.0.0;
			};
		};
		0A4494D62AB82B330082C909 /* XCRemoteSwiftPackageReference "Alamofire" */ = {
			isa = XCRemoteSwiftPackageReference;
			repositoryURL = "https://github.com/Alamofire/Alamofire";
			requirement = {
				kind = upToNextMajorVersion;
				minimumVersion = 5.0.0;
			};
		};
		0A4494D92AB82ED80082C909 /* XCRemoteSwiftPackageReference "realm-swift" */ = {
			isa = XCRemoteSwiftPackageReference;
			repositoryURL = "https://github.com/realm/realm-swift.git";
			requirement = {
				branch = master;
				kind = branch;
			};
		};
/* End XCRemoteSwiftPackageReference section */

/* Begin XCSwiftPackageProductDependency section */
		0A2347E12AF9B2C1002C161C /* Kingfisher */ = {
			isa = XCSwiftPackageProductDependency;
			package = 0A2347E02AF9B2C1002C161C /* XCRemoteSwiftPackageReference "Kingfisher" */;
			productName = Kingfisher;
		};
		0A4494D42AB82AB70082C909 /* SnapKit */ = {
			isa = XCSwiftPackageProductDependency;
			package = 0A4494D32AB82AB70082C909 /* XCRemoteSwiftPackageReference "SnapKit" */;
			productName = SnapKit;
		};
		0A4494D72AB82B330082C909 /* Alamofire */ = {
			isa = XCSwiftPackageProductDependency;
			package = 0A4494D62AB82B330082C909 /* XCRemoteSwiftPackageReference "Alamofire" */;
			productName = Alamofire;
		};
		0A4494DA2AB82ED80082C909 /* Realm */ = {
			isa = XCSwiftPackageProductDependency;
			package = 0A4494D92AB82ED80082C909 /* XCRemoteSwiftPackageReference "realm-swift" */;
			productName = Realm;
		};
		0A4494DC2AB82ED80082C909 /* RealmSwift */ = {
			isa = XCSwiftPackageProductDependency;
			package = 0A4494D92AB82ED80082C909 /* XCRemoteSwiftPackageReference "realm-swift" */;
			productName = RealmSwift;
		};
/* End XCSwiftPackageProductDependency section */
	};
	rootObject = 0A4494B42AB821FD0082C909 /* Project object */;
}
